<?xml version="1.0" encoding="utf-8"?>
<Project ToolsVersion="4.0" xmlns="http://schemas.microsoft.com/developer/msbuild/2003">
  <ItemGroup>
    <Filter Include="Source Files">
      <UniqueIdentifier>{4FC737F1-C7A5-4376-A066-2A32D752A2FF}</UniqueIdentifier>
      <Extensions>cpp;c;cc;cxx;def;odl;idl;hpj;bat;asm;asmx</Extensions>
    </Filter>
    <Filter Include="Header Files">
      <UniqueIdentifier>{93995380-89BD-4b04-88EB-625FBE52EBFB}</UniqueIdentifier>
      <Extensions>h;hpp;hxx;hm;inl;inc;xsd</Extensions>
    </Filter>
    <Filter Include="Resource Files">
      <UniqueIdentifier>{67DA6AB6-F800-4c08-8B7A-83BB121AAD01}</UniqueIdentifier>
      <Extensions>rc;ico;cur;bmp;dlg;rc2;rct;bin;rgs;gif;jpg;jpeg;jpe;resx;tiff;tif;png;wav</Extensions>
    </Filter>
    <Filter Include="SDK Helpers">
      <UniqueIdentifier>{f361afd1-95f7-4aa9-a164-7dd315c0bb6a}</UniqueIdentifier>
    </Filter>
    <Filter Include="lyric_source-sdk">
      <UniqueIdentifier>{21085bff-f18b-40f9-aab1-d1038608125c}</UniqueIdentifier>
    </Filter>
  </ItemGroup>
  <ItemGroup>
    <ClCompile Include="foo_mole.cpp">
      <Filter>Source Files</Filter>
    </ClCompile>
    <ClCompile Include="stdafx.cpp">
      <Filter>Source Files</Filter>
    </ClCompile>
    <ClCompile Include="cli_tee.cpp">
      <Filter>Source Files</Filter>
    </ClCompile>
    <ClCompile Include="cli_attach_stdout.cpp">
      <Filter>Source Files</Filter>
    </ClCompile>
    <ClCompile Include="cli_command.cpp">
      <Filter>Source Files</Filter>
    </ClCompile>
    <ClCompile Include="cli_defer_for.cpp">
      <Filter>Source Files</Filter>
    </ClCompile>
    <ClCompile Include="cli_run_on.cpp">
      <Filter>Source Files</Filter>
    </ClCompile>
    <ClCompile Include="event.cpp">
      <Filter>Source Files</Filter>
    </ClCompile>
    <ClCompile Include="event_play_callback.cpp">
      <Filter>Source Files</Filter>
    </ClCompile>
    <ClCompile Include="event_playlist_callback.cpp">
      <Filter>Source Files</Filter>
    </ClCompile>
    <ClCompile Include="event_config_io_callback.cpp">
      <Filter>Source Files</Filter>
    </ClCompile>
    <ClCompile Include="event_file_operation_callback.cpp">
      <Filter>Source Files</Filter>
    </ClCompile>
    <ClCompile Include="event_initquit.cpp">
      <Filter>Source Files</Filter>
    </ClCompile>
    <ClCompile Include="event_library_callback.cpp">
      <Filter>Source Files</Filter>
    </ClCompile>
    <ClCompile Include="event_metadb_io_callback.cpp">
      <Filter>Source Files</Filter>
    </ClCompile>
    <ClCompile Include="event_metadb_io_edit_callback.cpp">
      <Filter>Source Files</Filter>
    </ClCompile>
    <ClCompile Include="context_menu.cpp">
      <Filter>Source Files</Filter>
    </ClCompile>
    <ClCompile Include="printer.cpp">
      <Filter>Source Files</Filter>
    </ClCompile>
    <ClCompile Include="cli_print_to.cpp">
      <Filter>Source Files</Filter>
    </ClCompile>
    <ClCompile Include="synopsis.cpp">
      <Filter>Source Files</Filter>
    </ClCompile>
    <ClCompile Include="acfu_source.cpp">
      <Filter>Source Files</Filter>
    </ClCompile>
    <ClCompile Include="main_menu.cpp">
      <Filter>Source Files</Filter>
    </ClCompile>
    <ClCompile Include="..\foobar2000\helpers\window_placement_helper.cpp">
      <Filter>SDK Helpers</Filter>
    </ClCompile>
    <ClCompile Include="service_wnd.cpp">
      <Filter>Source Files</Filter>
    </ClCompile>
    <ClCompile Include="service_scanner.cpp">
      <Filter>Source Files</Filter>
    </ClCompile>
    <ClCompile Include="..\lyric_source-sdk\generic_internet_source_properties.cpp">
      <Filter>lyric_source-sdk</Filter>
    </ClCompile>
    <ClCompile Include="..\lyric_source-sdk\lyric_container_base.cpp">
      <Filter>lyric_source-sdk</Filter>
    </ClCompile>
    <ClCompile Include="..\lyric_source-sdk\lyric_http_request.cpp">
      <Filter>lyric_source-sdk</Filter>
    </ClCompile>
    <ClCompile Include="..\lyric_source-sdk\lyric_source_base.cpp">
      <Filter>lyric_source-sdk</Filter>
    </ClCompile>
    <ClCompile Include="..\lyric_source-sdk\lyric_source_sdk.cpp">
      <Filter>lyric_source-sdk</Filter>
    </ClCompile>
  </ItemGroup>
  <ItemGroup>
    <ClInclude Include="stdafx.h">
      <Filter>Header Files</Filter>
    </ClInclude>
    <ClInclude Include="resource.h">
      <Filter>Header Files</Filter>
    </ClInclude>
    <ClInclude Include="version.h">
      <Filter>Header Files</Filter>
    </ClInclude>
    <ClInclude Include="cli_command.h">
      <Filter>Header Files</Filter>
    </ClInclude>
    <ClInclude Include="event.h">
      <Filter>Header Files</Filter>
    </ClInclude>
    <ClInclude Include="printer.h">
      <Filter>Header Files</Filter>
    </ClInclude>
    <ClInclude Include="synopsis.h">
      <Filter>Header Files</Filter>
    </ClInclude>
    <ClInclude Include="..\foobar2000\helpers\window_placement_helper.h">
      <Filter>SDK Helpers</Filter>
    </ClInclude>
    <ClInclude Include="service_wnd.h">
      <Filter>Header Files</Filter>
    </ClInclude>
    <ClInclude Include="service_scanner.h">
      <Filter>Header Files</Filter>
    </ClInclude>
    <ClInclude Include="..\lyric_source-sdk\generic_internet_source_properties.h">
      <Filter>lyric_source-sdk</Filter>
    </ClInclude>
    <ClInclude Include="..\lyric_source-sdk\lyric_container_base.h">
      <Filter>lyric_source-sdk</Filter>
    </ClInclude>
    <ClInclude Include="..\lyric_source-sdk\lyric_http_request.h">
      <Filter>lyric_source-sdk</Filter>
    </ClInclude>
    <ClInclude Include="..\lyric_source-sdk\lyric_source_base.h">
      <Filter>lyric_source-sdk</Filter>
    </ClInclude>
    <ClInclude Include="..\lyric_source-sdk\lyric_source_sdk.h">
      <Filter>lyric_source-sdk</Filter>
    </ClInclude>
  </ItemGroup>
  <ItemGroup>
    <ResourceCompile Include="foo_mole.rc">
      <Filter>Resource Files</Filter>
    </ResourceCompile>
  </ItemGroup>
  <ItemGroup>
    <None Include="foo_mole.rc2">
      <Filter>Resource Files</Filter>
    </None>
  </ItemGroup>
</Project>